
Microsoft Visual Studio Solution File, Format Version 12.00
# Visual Studio Version 17
VisualStudioVersion = 17.0.31903.59
MinimumVisualStudioVersion = 10.0.40219.1
Project("{FAE04EC0-301F-11D3-BF4B-00C04F79EFBC}") = "WebApi", "WebApi\WebApi.csproj", "{63E9F70F-4CFA-4613-AC00-382247A9D515}"
EndProject
Project("{2150E333-8FDC-42A3-9474-1A3956D46DE8}") = "Modules", "Modules", "{6F91BCC6-7121-4E3C-8774-EDCB17DA43EB}"
EndProject
Project("{2150E333-8FDC-42A3-9474-1A3956D46DE8}") = "Scheduling", "Scheduling", "{27B0E13D-891B-4D7E-89CB-462690D9F635}"
EndProject
Project("{FAE04EC0-301F-11D3-BF4B-00C04F79EFBC}") = "Server.Modules.Scheduling.Application", "Modules\Scheduling\Application\Server.Modules.Scheduling.Application.csproj", "{CE05C00E-8D58-482C-8A7F-8C78AD8BA00A}"
EndProject
Project("{FAE04EC0-301F-11D3-BF4B-00C04F79EFBC}") = "Server.Modules.Scheduling.Infrastructure", "Modules\Scheduling\Infrastructure\Server.Modules.Scheduling.Infrastructure.csproj", "{92383637-528C-4E76-AA7A-7D65726B0ADA}"
EndProject
Project("{FAE04EC0-301F-11D3-BF4B-00C04F79EFBC}") = "Server.Modules.Scheduling.Endpoints", "Modules\Scheduling\Endpoints\Server.Modules.Scheduling.Endpoints.csproj", "{A65AD8D5-2413-42E9-A7DE-C0F3529EE533}"
EndProject
Project("{FAE04EC0-301F-11D3-BF4B-00C04F79EFBC}") = "Server.Modules.Scheduling.Services", "Modules\Scheduling\Services\Server.Modules.Scheduling.Services.csproj", "{6E027B78-21D5-45EE-963F-ADE203F0A4D9}"
EndProject
Project("{FAE04EC0-301F-11D3-BF4B-00C04F79EFBC}") = "Server.Modules.Scheduling.Entities", "Modules\Scheduling\Entities\Server.Modules.Scheduling.Entities.csproj", "{3984C048-B924-4767-B199-A590A5392558}"
EndProject
Project("{2150E333-8FDC-42A3-9474-1A3956D46DE8}") = "CRM", "CRM", "{DE53515A-1A69-4F2B-8B56-15F842110601}"
EndProject
Project("{FAE04EC0-301F-11D3-BF4B-00C04F79EFBC}") = "Server.Modules.CRM.Application", "Modules\CRM\Application\Server.Modules.CRM.Application.csproj", "{2B697FF2-86F1-4604-B783-536D3DB6BB74}"
EndProject
Project("{FAE04EC0-301F-11D3-BF4B-00C04F79EFBC}") = "Server.Modules.CRM.Infrastructure", "Modules\CRM\Infrastructure\Server.Modules.CRM.Infrastructure.csproj", "{3ECEAEBA-3067-4886-84DC-3DD91983456E}"
EndProject
Project("{FAE04EC0-301F-11D3-BF4B-00C04F79EFBC}") = "Server.Modules.CRM.Endpoints", "Modules\CRM\Endpoints\Server.Modules.CRM.Endpoints.csproj", "{5E2CCBB5-2967-41B3-92C3-79B09755C156}"
EndProject
Project("{FAE04EC0-301F-11D3-BF4B-00C04F79EFBC}") = "Server.Modules.CRM.Services", "Modules\CRM\Services\Server.Modules.CRM.Services.csproj", "{DF8F32AC-8EFF-4C6C-99F5-ACE0D4B4FD2B}"
EndProject
Project("{FAE04EC0-301F-11D3-BF4B-00C04F79EFBC}") = "Server.Modules.CRM.Entities", "Modules\CRM\Entities\Server.Modules.CRM.Entities.csproj", "{23F8A0B7-A310-4E77-B241-668A1E375478}"
EndProject
Project("{2150E333-8FDC-42A3-9474-1A3956D46DE8}") = "Base", "Base", "{747BAE59-1C49-45EE-B495-A669B74D5283}"
EndProject
Project("{FAE04EC0-301F-11D3-BF4B-00C04F79EFBC}") = "ComposedHealthBase.Server.BaseModule.Application", "Base\Application\ComposedHealthBase.Server.BaseModule.Application.csproj", "{BC928ACD-B86A-4B65-BAB6-D7F36C90079B}"
EndProject
Project("{FAE04EC0-301F-11D3-BF4B-00C04F79EFBC}") = "ComposedHealthBase.Server.BaseModule.Infrastructure", "Base\Infrastructure\ComposedHealthBase.Server.BaseModule.Infrastructure.csproj", "{3434457C-35BC-498E-9324-3E0C388AFDA2}"
EndProject
Project("{FAE04EC0-301F-11D3-BF4B-00C04F79EFBC}") = "ComposedHealthBase.Server.BaseModule.Endpoints", "Base\Endpoints\ComposedHealthBase.Server.BaseModule.Endpoints.csproj", "{9900017A-B73D-495A-A45D-DCD52DB6FF8E}"
EndProject
Project("{FAE04EC0-301F-11D3-BF4B-00C04F79EFBC}") = "ComposedHealthBase.Server.BaseModule.Services", "Base\Services\ComposedHealthBase.Server.BaseModule.Services.csproj", "{1C004E3E-7C68-467F-83A5-C06634BE89CA}"
EndProject
Project("{FAE04EC0-301F-11D3-BF4B-00C04F79EFBC}") = "ComposedHealthBase.Server.BaseModule.Entities", "Base\Entities\ComposedHealthBase.Server.BaseModule.Entities.csproj", "{F1EB52B6-97B1-4EA8-96F2-FC05B74E5D87}"
EndProject
Global
	GlobalSection(SolutionConfigurationPlatforms) = preSolution
		Debug|Any CPU = Debug|Any CPU
		Release|Any CPU = Release|Any CPU
	EndGlobalSection
	GlobalSection(SolutionProperties) = preSolution
		HideSolutionNode = FALSE
	EndGlobalSection
	GlobalSection(ProjectConfigurationPlatforms) = postSolution
		{63E9F70F-4CFA-4613-AC00-382247A9D515}.Debug|Any CPU.ActiveCfg = Debug|Any CPU
		{63E9F70F-4CFA-4613-AC00-382247A9D515}.Debug|Any CPU.Build.0 = Debug|Any CPU
		{63E9F70F-4CFA-4613-AC00-382247A9D515}.Release|Any CPU.ActiveCfg = Release|Any CPU
		{63E9F70F-4CFA-4613-AC00-382247A9D515}.Release|Any CPU.Build.0 = Release|Any CPU
		{CE05C00E-8D58-482C-8A7F-8C78AD8BA00A}.Debug|Any CPU.ActiveCfg = Debug|Any CPU
		{CE05C00E-8D58-482C-8A7F-8C78AD8BA00A}.Debug|Any CPU.Build.0 = Debug|Any CPU
		{CE05C00E-8D58-482C-8A7F-8C78AD8BA00A}.Release|Any CPU.ActiveCfg = Release|Any CPU
		{CE05C00E-8D58-482C-8A7F-8C78AD8BA00A}.Release|Any CPU.Build.0 = Release|Any CPU
		{92383637-528C-4E76-AA7A-7D65726B0ADA}.Debug|Any CPU.ActiveCfg = Debug|Any CPU
		{92383637-528C-4E76-AA7A-7D65726B0ADA}.Debug|Any CPU.Build.0 = Debug|Any CPU
		{92383637-528C-4E76-AA7A-7D65726B0ADA}.Release|Any CPU.ActiveCfg = Release|Any CPU
		{92383637-528C-4E76-AA7A-7D65726B0ADA}.Release|Any CPU.Build.0 = Release|Any CPU
		{A65AD8D5-2413-42E9-A7DE-C0F3529EE533}.Debug|Any CPU.ActiveCfg = Debug|Any CPU
		{A65AD8D5-2413-42E9-A7DE-C0F3529EE533}.Debug|Any CPU.Build.0 = Debug|Any CPU
		{A65AD8D5-2413-42E9-A7DE-C0F3529EE533}.Release|Any CPU.ActiveCfg = Release|Any CPU
		{A65AD8D5-2413-42E9-A7DE-C0F3529EE533}.Release|Any CPU.Build.0 = Release|Any CPU
		{6E027B78-21D5-45EE-963F-ADE203F0A4D9}.Debug|Any CPU.ActiveCfg = Debug|Any CPU
		{6E027B78-21D5-45EE-963F-ADE203F0A4D9}.Debug|Any CPU.Build.0 = Debug|Any CPU
		{6E027B78-21D5-45EE-963F-ADE203F0A4D9}.Release|Any CPU.ActiveCfg = Release|Any CPU
		{6E027B78-21D5-45EE-963F-ADE203F0A4D9}.Release|Any CPU.Build.0 = Release|Any CPU
		{3984C048-B924-4767-B199-A590A5392558}.Debug|Any CPU.ActiveCfg = Debug|Any CPU
		{3984C048-B924-4767-B199-A590A5392558}.Debug|Any CPU.Build.0 = Debug|Any CPU
		{3984C048-B924-4767-B199-A590A5392558}.Release|Any CPU.ActiveCfg = Release|Any CPU
		{3984C048-B924-4767-B199-A590A5392558}.Release|Any CPU.Build.0 = Release|Any CPU
		{2B697FF2-86F1-4604-B783-536D3DB6BB74}.Debug|Any CPU.ActiveCfg = Debug|Any CPU
		{2B697FF2-86F1-4604-B783-536D3DB6BB74}.Debug|Any CPU.Build.0 = Debug|Any CPU
		{2B697FF2-86F1-4604-B783-536D3DB6BB74}.Release|Any CPU.ActiveCfg = Release|Any CPU
		{2B697FF2-86F1-4604-B783-536D3DB6BB74}.Release|Any CPU.Build.0 = Release|Any CPU
		{3ECEAEBA-3067-4886-84DC-3DD91983456E}.Debug|Any CPU.ActiveCfg = Debug|Any CPU
		{3ECEAEBA-3067-4886-84DC-3DD91983456E}.Debug|Any CPU.Build.0 = Debug|Any CPU
		{3ECEAEBA-3067-4886-84DC-3DD91983456E}.Release|Any CPU.ActiveCfg = Release|Any CPU
		{3ECEAEBA-3067-4886-84DC-3DD91983456E}.Release|Any CPU.Build.0 = Release|Any CPU
		{5E2CCBB5-2967-41B3-92C3-79B09755C156}.Debug|Any CPU.ActiveCfg = Debug|Any CPU
		{5E2CCBB5-2967-41B3-92C3-79B09755C156}.Debug|Any CPU.Build.0 = Debug|Any CPU
		{5E2CCBB5-2967-41B3-92C3-79B09755C156}.Release|Any CPU.ActiveCfg = Release|Any CPU
		{5E2CCBB5-2967-41B3-92C3-79B09755C156}.Release|Any CPU.Build.0 = Release|Any CPU
		{DF8F32AC-8EFF-4C6C-99F5-ACE0D4B4FD2B}.Debug|Any CPU.ActiveCfg = Debug|Any CPU
		{DF8F32AC-8EFF-4C6C-99F5-ACE0D4B4FD2B}.Debug|Any CPU.Build.0 = Debug|Any CPU
		{DF8F32AC-8EFF-4C6C-99F5-ACE0D4B4FD2B}.Release|Any CPU.ActiveCfg = Release|Any CPU
		{DF8F32AC-8EFF-4C6C-99F5-ACE0D4B4FD2B}.Release|Any CPU.Build.0 = Release|Any CPU
		{23F8A0B7-A310-4E77-B241-668A1E375478}.Debug|Any CPU.ActiveCfg = Debug|Any CPU
		{23F8A0B7-A310-4E77-B241-668A1E375478}.Debug|Any CPU.Build.0 = Debug|Any CPU
		{23F8A0B7-A310-4E77-B241-668A1E375478}.Release|Any CPU.ActiveCfg = Release|Any CPU
		{23F8A0B7-A310-4E77-B241-668A1E375478}.Release|Any CPU.Build.0 = Release|Any CPU
		{BC928ACD-B86A-4B65-BAB6-D7F36C90079B}.Debug|Any CPU.ActiveCfg = Debug|Any CPU
		{BC928ACD-B86A-4B65-BAB6-D7F36C90079B}.Debug|Any CPU.Build.0 = Debug|Any CPU
		{BC928ACD-B86A-4B65-BAB6-D7F36C90079B}.Release|Any CPU.ActiveCfg = Release|Any CPU
		{BC928ACD-B86A-4B65-BAB6-D7F36C90079B}.Release|Any CPU.Build.0 = Release|Any CPU
		{3434457C-35BC-498E-9324-3E0C388AFDA2}.Debug|Any CPU.ActiveCfg = Debug|Any CPU
		{3434457C-35BC-498E-9324-3E0C388AFDA2}.Debug|Any CPU.Build.0 = Debug|Any CPU
		{3434457C-35BC-498E-9324-3E0C388AFDA2}.Release|Any CPU.ActiveCfg = Release|Any CPU
		{3434457C-35BC-498E-9324-3E0C388AFDA2}.Release|Any CPU.Build.0 = Release|Any CPU
		{9900017A-B73D-495A-A45D-DCD52DB6FF8E}.Debug|Any CPU.ActiveCfg = Debug|Any CPU
		{9900017A-B73D-495A-A45D-DCD52DB6FF8E}.Debug|Any CPU.Build.0 = Debug|Any CPU
		{9900017A-B73D-495A-A45D-DCD52DB6FF8E}.Release|Any CPU.ActiveCfg = Release|Any CPU
		{9900017A-B73D-495A-A45D-DCD52DB6FF8E}.Release|Any CPU.Build.0 = Release|Any CPU
		{1C004E3E-7C68-467F-83A5-C06634BE89CA}.Debug|Any CPU.ActiveCfg = Debug|Any CPU
		{1C004E3E-7C68-467F-83A5-C06634BE89CA}.Debug|Any CPU.Build.0 = Debug|Any CPU
		{1C004E3E-7C68-467F-83A5-C06634BE89CA}.Release|Any CPU.ActiveCfg = Release|Any CPU
		{1C004E3E-7C68-467F-83A5-C06634BE89CA}.Release|Any CPU.Build.0 = Release|Any CPU
		{F1EB52B6-97B1-4EA8-96F2-FC05B74E5D87}.Debug|Any CPU.ActiveCfg = Debug|Any CPU
		{F1EB52B6-97B1-4EA8-96F2-FC05B74E5D87}.Debug|Any CPU.Build.0 = Debug|Any CPU
		{F1EB52B6-97B1-4EA8-96F2-FC05B74E5D87}.Release|Any CPU.ActiveCfg = Release|Any CPU
		{F1EB52B6-97B1-4EA8-96F2-FC05B74E5D87}.Release|Any CPU.Build.0 = Release|Any CPU
	EndGlobalSection
	GlobalSection(NestedProjects) = preSolution
		{27B0E13D-891B-4D7E-89CB-462690D9F635} = {6F91BCC6-7121-4E3C-8774-EDCB17DA43EB}
		{CE05C00E-8D58-482C-8A7F-8C78AD8BA00A} = {27B0E13D-891B-4D7E-89CB-462690D9F635}
		{92383637-528C-4E76-AA7A-7D65726B0ADA} = {27B0E13D-891B-4D7E-89CB-462690D9F635}
		{A65AD8D5-2413-42E9-A7DE-C0F3529EE533} = {27B0E13D-891B-4D7E-89CB-462690D9F635}
		{6E027B78-21D5-45EE-963F-ADE203F0A4D9} = {27B0E13D-891B-4D7E-89CB-462690D9F635}
		{3984C048-B924-4767-B199-A590A5392558} = {27B0E13D-891B-4D7E-89CB-462690D9F635}
		{DE53515A-1A69-4F2B-8B56-15F842110601} = {6F91BCC6-7121-4E3C-8774-EDCB17DA43EB}
		{2B697FF2-86F1-4604-B783-536D3DB6BB74} = {DE53515A-1A69-4F2B-8B56-15F842110601}
		{3ECEAEBA-3067-4886-84DC-3DD91983456E} = {DE53515A-1A69-4F2B-8B56-15F842110601}
		{5E2CCBB5-2967-41B3-92C3-79B09755C156} = {DE53515A-1A69-4F2B-8B56-15F842110601}
		{DF8F32AC-8EFF-4C6C-99F5-ACE0D4B4FD2B} = {DE53515A-1A69-4F2B-8B56-15F842110601}
		{23F8A0B7-A310-4E77-B241-668A1E375478} = {DE53515A-1A69-4F2B-8B56-15F842110601}
		{BC928ACD-B86A-4B65-BAB6-D7F36C90079B} = {747BAE59-1C49-45EE-B495-A669B74D5283}
		{3434457C-35BC-498E-9324-3E0C388AFDA2} = {747BAE59-1C49-45EE-B495-A669B74D5283}
		{9900017A-B73D-495A-A45D-DCD52DB6FF8E} = {747BAE59-1C49-45EE-B495-A669B74D5283}
		{1C004E3E-7C68-467F-83A5-C06634BE89CA} = {747BAE59-1C49-45EE-B495-A669B74D5283}
		{F1EB52B6-97B1-4EA8-96F2-FC05B74E5D87} = {747BAE59-1C49-45EE-B495-A669B74D5283}
	EndGlobalSection
EndGlobal
