
Microsoft Visual Studio Solution File, Format Version 12.00
# Visual Studio Version 17
VisualStudioVersion = 17.0.31903.59
MinimumVisualStudioVersion = 10.0.40219.1
Project("{FAE04EC0-301F-11D3-BF4B-00C04F79EFBC}") = "WebApi", "WebApi\WebApi.csproj", "{0458DFE7-D4A3-44D2-A8B1-1DE29F785D0C}"
EndProject
Project("{2150E333-8FDC-42A3-9474-1A3956D46DE8}") = "ComposedHealthBase", "ComposedHealthBase", "{98DFC374-6E5C-47C6-8601-1D54ED11FB55}"
EndProject
Project("{FAE04EC0-301F-11D3-BF4B-00C04F79EFBC}") = "ComposedHealthBase.Server", "ComposedHealthBase\Server\ComposedHealthBase.Server.csproj", "{266CA014-D123-41AD-A55E-367A8913DADC}"
EndProject
Project("{2150E333-8FDC-42A3-9474-1A3956D46DE8}") = "Modules", "Modules", "{1AEE02A0-B6DA-4145-8780-D3F5C8D56BB0}"
EndProject
Project("{2150E333-8FDC-42A3-9474-1A3956D46DE8}") = "CRM", "CRM", "{4F1D6595-78FC-4DBF-84C3-5169A66EB6AD}"
EndProject
Project("{FAE04EC0-301F-11D3-BF4B-00C04F79EFBC}") = "Server.Modules.CRM.Endpoints", "Modules\CRM\Endpoints\Server.Modules.CRM.Endpoints.csproj", "{F519F270-617F-4654-BF9A-B9DAD09C1141}"
EndProject
Project("{FAE04EC0-301F-11D3-BF4B-00C04F79EFBC}") = "Server.Modules.CRM.Services", "Modules\CRM\Services\Server.Modules.CRM.Services.csproj", "{C5E51F28-D1DA-4858-8469-AF9D4D0771B7}"
EndProject
Project("{FAE04EC0-301F-11D3-BF4B-00C04F79EFBC}") = "Server.Modules.CRM.Entities", "Modules\CRM\Entities\Server.Modules.CRM.Entities.csproj", "{F55F8C0B-AD42-4F2D-9465-3118162B52FD}"
EndProject
Project("{FAE04EC0-301F-11D3-BF4B-00C04F79EFBC}") = "Server.Modules.CRM.Infrastructure", "Modules\CRM\Infrastructure\Server.Modules.CRM.Infrastructure.csproj", "{D4F789F3-9EFD-4DCF-A33B-91D6C4C7BFFF}"
EndProject
Project("{FAE04EC0-301F-11D3-BF4B-00C04F79EFBC}") = "Server.Modules.CRM.Application", "Modules\CRM\Application\Server.Modules.CRM.Application.csproj", "{8ADC259D-9312-4B25-A3A8-6C8C0D75F478}"
EndProject
Project("{2150E333-8FDC-42A3-9474-1A3956D46DE8}") = "Scheduling", "Scheduling", "{D28A4292-9FF2-49AE-B670-919E12A7F952}"
EndProject
Project("{FAE04EC0-301F-11D3-BF4B-00C04F79EFBC}") = "Server.Modules.Scheduling.Endpoints", "Modules\Scheduling\Endpoints\Server.Modules.Scheduling.Endpoints.csproj", "{5EEF19B4-3AB4-4154-B7ED-7DE6EFB2BA9E}"
EndProject
Project("{FAE04EC0-301F-11D3-BF4B-00C04F79EFBC}") = "Server.Modules.Scheduling.Services", "Modules\Scheduling\Services\Server.Modules.Scheduling.Services.csproj", "{2C22E1D0-0556-47CC-8956-174A50D10EDE}"
EndProject
Project("{FAE04EC0-301F-11D3-BF4B-00C04F79EFBC}") = "Server.Modules.Scheduling.Entities", "Modules\Scheduling\Entities\Server.Modules.Scheduling.Entities.csproj", "{F1D24230-74F8-4E1B-8D7C-01CA1D8F3FB9}"
EndProject
Project("{FAE04EC0-301F-11D3-BF4B-00C04F79EFBC}") = "Server.Modules.Scheduling.Infrastructure", "Modules\Scheduling\Infrastructure\Server.Modules.Scheduling.Infrastructure.csproj", "{9D692679-042B-492B-ACAD-A7F6499F5F05}"
EndProject
Project("{FAE04EC0-301F-11D3-BF4B-00C04F79EFBC}") = "Server.Modules.Scheduling.Application", "Modules\Scheduling\Application\Server.Modules.Scheduling.Application.csproj", "{A8B63445-4B7D-4445-8FC6-28973F627522}"
EndProject
Global
	GlobalSection(SolutionConfigurationPlatforms) = preSolution
		Debug|Any CPU = Debug|Any CPU
		Release|Any CPU = Release|Any CPU
	EndGlobalSection
	GlobalSection(SolutionProperties) = preSolution
		HideSolutionNode = FALSE
	EndGlobalSection
	GlobalSection(ProjectConfigurationPlatforms) = postSolution
		{0458DFE7-D4A3-44D2-A8B1-1DE29F785D0C}.Debug|Any CPU.ActiveCfg = Debug|Any CPU
		{0458DFE7-D4A3-44D2-A8B1-1DE29F785D0C}.Debug|Any CPU.Build.0 = Debug|Any CPU
		{0458DFE7-D4A3-44D2-A8B1-1DE29F785D0C}.Release|Any CPU.ActiveCfg = Release|Any CPU
		{0458DFE7-D4A3-44D2-A8B1-1DE29F785D0C}.Release|Any CPU.Build.0 = Release|Any CPU
		{266CA014-D123-41AD-A55E-367A8913DADC}.Debug|Any CPU.ActiveCfg = Debug|Any CPU
		{266CA014-D123-41AD-A55E-367A8913DADC}.Debug|Any CPU.Build.0 = Debug|Any CPU
		{266CA014-D123-41AD-A55E-367A8913DADC}.Release|Any CPU.ActiveCfg = Release|Any CPU
		{266CA014-D123-41AD-A55E-367A8913DADC}.Release|Any CPU.Build.0 = Release|Any CPU
		{F519F270-617F-4654-BF9A-B9DAD09C1141}.Debug|Any CPU.ActiveCfg = Debug|Any CPU
		{F519F270-617F-4654-BF9A-B9DAD09C1141}.Debug|Any CPU.Build.0 = Debug|Any CPU
		{F519F270-617F-4654-BF9A-B9DAD09C1141}.Release|Any CPU.ActiveCfg = Release|Any CPU
		{F519F270-617F-4654-BF9A-B9DAD09C1141}.Release|Any CPU.Build.0 = Release|Any CPU
		{C5E51F28-D1DA-4858-8469-AF9D4D0771B7}.Debug|Any CPU.ActiveCfg = Debug|Any CPU
		{C5E51F28-D1DA-4858-8469-AF9D4D0771B7}.Debug|Any CPU.Build.0 = Debug|Any CPU
		{C5E51F28-D1DA-4858-8469-AF9D4D0771B7}.Release|Any CPU.ActiveCfg = Release|Any CPU
		{C5E51F28-D1DA-4858-8469-AF9D4D0771B7}.Release|Any CPU.Build.0 = Release|Any CPU
		{F55F8C0B-AD42-4F2D-9465-3118162B52FD}.Debug|Any CPU.ActiveCfg = Debug|Any CPU
		{F55F8C0B-AD42-4F2D-9465-3118162B52FD}.Debug|Any CPU.Build.0 = Debug|Any CPU
		{F55F8C0B-AD42-4F2D-9465-3118162B52FD}.Release|Any CPU.ActiveCfg = Release|Any CPU
		{F55F8C0B-AD42-4F2D-9465-3118162B52FD}.Release|Any CPU.Build.0 = Release|Any CPU
		{D4F789F3-9EFD-4DCF-A33B-91D6C4C7BFFF}.Debug|Any CPU.ActiveCfg = Debug|Any CPU
		{D4F789F3-9EFD-4DCF-A33B-91D6C4C7BFFF}.Debug|Any CPU.Build.0 = Debug|Any CPU
		{D4F789F3-9EFD-4DCF-A33B-91D6C4C7BFFF}.Release|Any CPU.ActiveCfg = Release|Any CPU
		{D4F789F3-9EFD-4DCF-A33B-91D6C4C7BFFF}.Release|Any CPU.Build.0 = Release|Any CPU
		{8ADC259D-9312-4B25-A3A8-6C8C0D75F478}.Debug|Any CPU.ActiveCfg = Debug|Any CPU
		{8ADC259D-9312-4B25-A3A8-6C8C0D75F478}.Debug|Any CPU.Build.0 = Debug|Any CPU
		{8ADC259D-9312-4B25-A3A8-6C8C0D75F478}.Release|Any CPU.ActiveCfg = Release|Any CPU
		{8ADC259D-9312-4B25-A3A8-6C8C0D75F478}.Release|Any CPU.Build.0 = Release|Any CPU
		{5EEF19B4-3AB4-4154-B7ED-7DE6EFB2BA9E}.Debug|Any CPU.ActiveCfg = Debug|Any CPU
		{5EEF19B4-3AB4-4154-B7ED-7DE6EFB2BA9E}.Debug|Any CPU.Build.0 = Debug|Any CPU
		{5EEF19B4-3AB4-4154-B7ED-7DE6EFB2BA9E}.Release|Any CPU.ActiveCfg = Release|Any CPU
		{5EEF19B4-3AB4-4154-B7ED-7DE6EFB2BA9E}.Release|Any CPU.Build.0 = Release|Any CPU
		{2C22E1D0-0556-47CC-8956-174A50D10EDE}.Debug|Any CPU.ActiveCfg = Debug|Any CPU
		{2C22E1D0-0556-47CC-8956-174A50D10EDE}.Debug|Any CPU.Build.0 = Debug|Any CPU
		{2C22E1D0-0556-47CC-8956-174A50D10EDE}.Release|Any CPU.ActiveCfg = Release|Any CPU
		{2C22E1D0-0556-47CC-8956-174A50D10EDE}.Release|Any CPU.Build.0 = Release|Any CPU
		{F1D24230-74F8-4E1B-8D7C-01CA1D8F3FB9}.Debug|Any CPU.ActiveCfg = Debug|Any CPU
		{F1D24230-74F8-4E1B-8D7C-01CA1D8F3FB9}.Debug|Any CPU.Build.0 = Debug|Any CPU
		{F1D24230-74F8-4E1B-8D7C-01CA1D8F3FB9}.Release|Any CPU.ActiveCfg = Release|Any CPU
		{F1D24230-74F8-4E1B-8D7C-01CA1D8F3FB9}.Release|Any CPU.Build.0 = Release|Any CPU
		{9D692679-042B-492B-ACAD-A7F6499F5F05}.Debug|Any CPU.ActiveCfg = Debug|Any CPU
		{9D692679-042B-492B-ACAD-A7F6499F5F05}.Debug|Any CPU.Build.0 = Debug|Any CPU
		{9D692679-042B-492B-ACAD-A7F6499F5F05}.Release|Any CPU.ActiveCfg = Release|Any CPU
		{9D692679-042B-492B-ACAD-A7F6499F5F05}.Release|Any CPU.Build.0 = Release|Any CPU
		{A8B63445-4B7D-4445-8FC6-28973F627522}.Debug|Any CPU.ActiveCfg = Debug|Any CPU
		{A8B63445-4B7D-4445-8FC6-28973F627522}.Debug|Any CPU.Build.0 = Debug|Any CPU
		{A8B63445-4B7D-4445-8FC6-28973F627522}.Release|Any CPU.ActiveCfg = Release|Any CPU
		{A8B63445-4B7D-4445-8FC6-28973F627522}.Release|Any CPU.Build.0 = Release|Any CPU
	EndGlobalSection
	GlobalSection(NestedProjects) = preSolution
		{266CA014-D123-41AD-A55E-367A8913DADC} = {98DFC374-6E5C-47C6-8601-1D54ED11FB55}
		{4F1D6595-78FC-4DBF-84C3-5169A66EB6AD} = {1AEE02A0-B6DA-4145-8780-D3F5C8D56BB0}
		{F519F270-617F-4654-BF9A-B9DAD09C1141} = {4F1D6595-78FC-4DBF-84C3-5169A66EB6AD}
		{C5E51F28-D1DA-4858-8469-AF9D4D0771B7} = {4F1D6595-78FC-4DBF-84C3-5169A66EB6AD}
		{F55F8C0B-AD42-4F2D-9465-3118162B52FD} = {4F1D6595-78FC-4DBF-84C3-5169A66EB6AD}
		{D4F789F3-9EFD-4DCF-A33B-91D6C4C7BFFF} = {4F1D6595-78FC-4DBF-84C3-5169A66EB6AD}
		{8ADC259D-9312-4B25-A3A8-6C8C0D75F478} = {4F1D6595-78FC-4DBF-84C3-5169A66EB6AD}
		{D28A4292-9FF2-49AE-B670-919E12A7F952} = {1AEE02A0-B6DA-4145-8780-D3F5C8D56BB0}
		{5EEF19B4-3AB4-4154-B7ED-7DE6EFB2BA9E} = {D28A4292-9FF2-49AE-B670-919E12A7F952}
		{2C22E1D0-0556-47CC-8956-174A50D10EDE} = {D28A4292-9FF2-49AE-B670-919E12A7F952}
		{F1D24230-74F8-4E1B-8D7C-01CA1D8F3FB9} = {D28A4292-9FF2-49AE-B670-919E12A7F952}
		{9D692679-042B-492B-ACAD-A7F6499F5F05} = {D28A4292-9FF2-49AE-B670-919E12A7F952}
		{A8B63445-4B7D-4445-8FC6-28973F627522} = {D28A4292-9FF2-49AE-B670-919E12A7F952}
	EndGlobalSection
EndGlobal
