
Microsoft Visual Studio Solution File, Format Version 12.00
# Visual Studio Version 17
VisualStudioVersion = 17.0.31903.59
MinimumVisualStudioVersion = 10.0.40219.1
Project("{FAE04EC0-301F-11D3-BF4B-00C04F79EFBC}") = "WebApi", "WebApi\WebApi.csproj", "{C6CDF086-85B5-41F4-A6AE-3E6CDE16D3F0}"
EndProject
Project("{2150E333-8FDC-42A3-9474-1A3956D46DE8}") = "ComposedHealthBase", "ComposedHealthBase", "{1DC56E80-2A83-48B3-A7D8-E573D83D3B91}"
EndProject
Project("{FAE04EC0-301F-11D3-BF4B-00C04F79EFBC}") = "ComposedHealthBase.Server", "ComposedHealthBase\Server\ComposedHealthBase.Server.csproj", "{18FD6D08-E272-4BBF-A17E-7EAD97E72AB4}"
EndProject
Project("{2150E333-8FDC-42A3-9474-1A3956D46DE8}") = "Modules", "Modules", "{CC713E62-F02D-4BDC-AAD9-EAD9171DA109}"
EndProject
Project("{2150E333-8FDC-42A3-9474-1A3956D46DE8}") = "CRM", "CRM", "{14AFFA3F-0A6F-4760-AC9E-B40D1FF1C216}"
EndProject
Project("{FAE04EC0-301F-11D3-BF4B-00C04F79EFBC}") = "Server.Modules.CRM.Endpoints", "Modules\CRM\Endpoints\Server.Modules.CRM.Endpoints.csproj", "{4A1AF07E-582C-43B0-A985-D5F1458E7B47}"
EndProject
Project("{FAE04EC0-301F-11D3-BF4B-00C04F79EFBC}") = "Server.Modules.CRM.Services", "Modules\CRM\Services\Server.Modules.CRM.Services.csproj", "{2AAD47B9-A16E-43F8-B75F-CF9B54AD38A3}"
EndProject
Project("{FAE04EC0-301F-11D3-BF4B-00C04F79EFBC}") = "Server.Modules.CRM.Entities", "Modules\CRM\Entities\Server.Modules.CRM.Entities.csproj", "{D9C9BF01-87BA-4AC2-B0A6-55DB2473723C}"
EndProject
Project("{FAE04EC0-301F-11D3-BF4B-00C04F79EFBC}") = "Server.Modules.CRM.Infrastructure", "Modules\CRM\Infrastructure\Server.Modules.CRM.Infrastructure.csproj", "{E4CD3E60-CB03-4938-9F05-1F7CB964C3D5}"
EndProject
Project("{FAE04EC0-301F-11D3-BF4B-00C04F79EFBC}") = "Server.Modules.CRM.Application", "Modules\CRM\Application\Server.Modules.CRM.Application.csproj", "{713A6816-3B4E-42EC-951E-A6B0A8CA87B3}"
EndProject
Project("{2150E333-8FDC-42A3-9474-1A3956D46DE8}") = "Clinical", "Clinical", "{63AD1C43-5160-4365-9C17-0371B457E90A}"
EndProject
Project("{FAE04EC0-301F-11D3-BF4B-00C04F79EFBC}") = "Server.Modules.Clinical.Endpoints", "Modules\Clinical\Endpoints\Server.Modules.Clinical.Endpoints.csproj", "{A8821353-59BA-4C53-90EB-C04FCD044EA2}"
EndProject
Project("{FAE04EC0-301F-11D3-BF4B-00C04F79EFBC}") = "Server.Modules.Clinical.Services", "Modules\Clinical\Services\Server.Modules.Clinical.Services.csproj", "{D14C5A0D-C518-4BDD-876C-2558462EE376}"
EndProject
Project("{FAE04EC0-301F-11D3-BF4B-00C04F79EFBC}") = "Server.Modules.Clinical.Entities", "Modules\Clinical\Entities\Server.Modules.Clinical.Entities.csproj", "{633F746D-3D46-461F-856A-243A429E73F6}"
EndProject
Project("{FAE04EC0-301F-11D3-BF4B-00C04F79EFBC}") = "Server.Modules.Clinical.Infrastructure", "Modules\Clinical\Infrastructure\Server.Modules.Clinical.Infrastructure.csproj", "{29693E96-1AC6-4C54-8EE2-9FB54A65FC3C}"
EndProject
Project("{FAE04EC0-301F-11D3-BF4B-00C04F79EFBC}") = "Server.Modules.Clinical.Application", "Modules\Clinical\Application\Server.Modules.Clinical.Application.csproj", "{83F90D86-D4C6-4E82-94C7-74AE7B06165B}"
EndProject
Project("{FAE04EC0-301F-11D3-BF4B-00C04F79EFBC}") = "Server.Modules.Shared", "Modules\Shared\Server.Modules.Shared.csproj", "{E4310B9B-A9E9-46B0-B1C4-8E6B9333CA86}"
EndProject
Project("{2150E333-8FDC-42A3-9474-1A3956D46DE8}") = "Auth", "Auth", "{1742B4E8-CC50-449F-A54A-F74F1E2111D8}"
EndProject
Project("{FAE04EC0-301F-11D3-BF4B-00C04F79EFBC}") = "Server.Modules.Auth.Endpoints", "Modules\Auth\Endpoints\Server.Modules.Auth.Endpoints.csproj", "{0BC9F6FB-CD59-45B1-9A0E-B79A306AC0ED}"
EndProject
Project("{FAE04EC0-301F-11D3-BF4B-00C04F79EFBC}") = "Server.Modules.Auth.Entities", "Modules\Auth\Entities\Server.Modules.Auth.Entities.csproj", "{7A38D15E-0D0E-41F1-949E-79CCBD61FA89}"
EndProject
Project("{FAE04EC0-301F-11D3-BF4B-00C04F79EFBC}") = "Server.Modules.Auth.Infrastructure", "Modules\Auth\Infrastructure\Server.Modules.Auth.Infrastructure.csproj", "{99043E55-96E1-4D1A-B98E-BB49CF4695C5}"
EndProject
Project("{2150E333-8FDC-42A3-9474-1A3956D46DE8}") = "Scheduling", "Scheduling", "{7F55D5E1-3741-4382-BFFA-E6B3949E470F}"
EndProject
Project("{FAE04EC0-301F-11D3-BF4B-00C04F79EFBC}") = "Server.Modules.Scheduling.Endpoints", "Modules\Scheduling\Endpoints\Server.Modules.Scheduling.Endpoints.csproj", "{892B803E-D3D6-45C2-B496-D4DDC21E8D22}"
EndProject
Project("{FAE04EC0-301F-11D3-BF4B-00C04F79EFBC}") = "Server.Modules.Scheduling.Services", "Modules\Scheduling\Services\Server.Modules.Scheduling.Services.csproj", "{AABFDF9E-CC63-4EEF-B19B-CB7F2355AD4B}"
EndProject
Project("{FAE04EC0-301F-11D3-BF4B-00C04F79EFBC}") = "Server.Modules.Scheduling.Entities", "Modules\Scheduling\Entities\Server.Modules.Scheduling.Entities.csproj", "{E936E389-46DF-4C3F-A8E1-06226C4C9EB2}"
EndProject
Project("{FAE04EC0-301F-11D3-BF4B-00C04F79EFBC}") = "Server.Modules.Scheduling.Infrastructure", "Modules\Scheduling\Infrastructure\Server.Modules.Scheduling.Infrastructure.csproj", "{193A1170-DE35-4D2A-971D-3AE82BC1B537}"
EndProject
Project("{FAE04EC0-301F-11D3-BF4B-00C04F79EFBC}") = "Server.Modules.Scheduling.Application", "Modules\Scheduling\Application\Server.Modules.Scheduling.Application.csproj", "{776637D5-C3F4-40E2-B4EE-F245AD10A93B}"
EndProject
Project("{2150E333-8FDC-42A3-9474-1A3956D46DE8}") = "Billing", "Billing", "{B0D9573C-BDB5-4113-9A4F-536A1D1657D9}"
EndProject
Project("{FAE04EC0-301F-11D3-BF4B-00C04F79EFBC}") = "Server.Modules.Billing.Endpoints", "Modules\Billing\Endpoints\Server.Modules.Billing.Endpoints.csproj", "{FF3AAAD3-87D9-46C6-A9C5-ACD4F3DA5C38}"
EndProject
Project("{FAE04EC0-301F-11D3-BF4B-00C04F79EFBC}") = "Server.Modules.Billing.Services", "Modules\Billing\Services\Server.Modules.Billing.Services.csproj", "{45A17BEE-D604-43DD-8D34-096F33E3CEF6}"
EndProject
Project("{FAE04EC0-301F-11D3-BF4B-00C04F79EFBC}") = "Server.Modules.Billing.Entities", "Modules\Billing\Entities\Server.Modules.Billing.Entities.csproj", "{23F94816-7E70-45C4-AAA5-481E2C824B7D}"
EndProject
Project("{FAE04EC0-301F-11D3-BF4B-00C04F79EFBC}") = "Server.Modules.Billing.Infrastructure", "Modules\Billing\Infrastructure\Server.Modules.Billing.Infrastructure.csproj", "{C5669570-B9BE-48E1-AD0A-4ABF5173789C}"
EndProject
Project("{FAE04EC0-301F-11D3-BF4B-00C04F79EFBC}") = "Server.Modules.Billing.Application", "Modules\Billing\Application\Server.Modules.Billing.Application.csproj", "{5B28D28C-2E1E-44FD-ADFB-D13C969710AC}"
EndProject
Global
	GlobalSection(SolutionConfigurationPlatforms) = preSolution
		Debug|Any CPU = Debug|Any CPU
		Release|Any CPU = Release|Any CPU
	EndGlobalSection
	GlobalSection(SolutionProperties) = preSolution
		HideSolutionNode = FALSE
	EndGlobalSection
	GlobalSection(ProjectConfigurationPlatforms) = postSolution
		{C6CDF086-85B5-41F4-A6AE-3E6CDE16D3F0}.Debug|Any CPU.ActiveCfg = Debug|Any CPU
		{C6CDF086-85B5-41F4-A6AE-3E6CDE16D3F0}.Debug|Any CPU.Build.0 = Debug|Any CPU
		{C6CDF086-85B5-41F4-A6AE-3E6CDE16D3F0}.Release|Any CPU.ActiveCfg = Release|Any CPU
		{C6CDF086-85B5-41F4-A6AE-3E6CDE16D3F0}.Release|Any CPU.Build.0 = Release|Any CPU
		{18FD6D08-E272-4BBF-A17E-7EAD97E72AB4}.Debug|Any CPU.ActiveCfg = Debug|Any CPU
		{18FD6D08-E272-4BBF-A17E-7EAD97E72AB4}.Debug|Any CPU.Build.0 = Debug|Any CPU
		{18FD6D08-E272-4BBF-A17E-7EAD97E72AB4}.Release|Any CPU.ActiveCfg = Release|Any CPU
		{18FD6D08-E272-4BBF-A17E-7EAD97E72AB4}.Release|Any CPU.Build.0 = Release|Any CPU
		{4A1AF07E-582C-43B0-A985-D5F1458E7B47}.Debug|Any CPU.ActiveCfg = Debug|Any CPU
		{4A1AF07E-582C-43B0-A985-D5F1458E7B47}.Debug|Any CPU.Build.0 = Debug|Any CPU
		{4A1AF07E-582C-43B0-A985-D5F1458E7B47}.Release|Any CPU.ActiveCfg = Release|Any CPU
		{4A1AF07E-582C-43B0-A985-D5F1458E7B47}.Release|Any CPU.Build.0 = Release|Any CPU
		{2AAD47B9-A16E-43F8-B75F-CF9B54AD38A3}.Debug|Any CPU.ActiveCfg = Debug|Any CPU
		{2AAD47B9-A16E-43F8-B75F-CF9B54AD38A3}.Debug|Any CPU.Build.0 = Debug|Any CPU
		{2AAD47B9-A16E-43F8-B75F-CF9B54AD38A3}.Release|Any CPU.ActiveCfg = Release|Any CPU
		{2AAD47B9-A16E-43F8-B75F-CF9B54AD38A3}.Release|Any CPU.Build.0 = Release|Any CPU
		{D9C9BF01-87BA-4AC2-B0A6-55DB2473723C}.Debug|Any CPU.ActiveCfg = Debug|Any CPU
		{D9C9BF01-87BA-4AC2-B0A6-55DB2473723C}.Debug|Any CPU.Build.0 = Debug|Any CPU
		{D9C9BF01-87BA-4AC2-B0A6-55DB2473723C}.Release|Any CPU.ActiveCfg = Release|Any CPU
		{D9C9BF01-87BA-4AC2-B0A6-55DB2473723C}.Release|Any CPU.Build.0 = Release|Any CPU
		{E4CD3E60-CB03-4938-9F05-1F7CB964C3D5}.Debug|Any CPU.ActiveCfg = Debug|Any CPU
		{E4CD3E60-CB03-4938-9F05-1F7CB964C3D5}.Debug|Any CPU.Build.0 = Debug|Any CPU
		{E4CD3E60-CB03-4938-9F05-1F7CB964C3D5}.Release|Any CPU.ActiveCfg = Release|Any CPU
		{E4CD3E60-CB03-4938-9F05-1F7CB964C3D5}.Release|Any CPU.Build.0 = Release|Any CPU
		{713A6816-3B4E-42EC-951E-A6B0A8CA87B3}.Debug|Any CPU.ActiveCfg = Debug|Any CPU
		{713A6816-3B4E-42EC-951E-A6B0A8CA87B3}.Debug|Any CPU.Build.0 = Debug|Any CPU
		{713A6816-3B4E-42EC-951E-A6B0A8CA87B3}.Release|Any CPU.ActiveCfg = Release|Any CPU
		{713A6816-3B4E-42EC-951E-A6B0A8CA87B3}.Release|Any CPU.Build.0 = Release|Any CPU
		{A8821353-59BA-4C53-90EB-C04FCD044EA2}.Debug|Any CPU.ActiveCfg = Debug|Any CPU
		{A8821353-59BA-4C53-90EB-C04FCD044EA2}.Debug|Any CPU.Build.0 = Debug|Any CPU
		{A8821353-59BA-4C53-90EB-C04FCD044EA2}.Release|Any CPU.ActiveCfg = Release|Any CPU
		{A8821353-59BA-4C53-90EB-C04FCD044EA2}.Release|Any CPU.Build.0 = Release|Any CPU
		{D14C5A0D-C518-4BDD-876C-2558462EE376}.Debug|Any CPU.ActiveCfg = Debug|Any CPU
		{D14C5A0D-C518-4BDD-876C-2558462EE376}.Debug|Any CPU.Build.0 = Debug|Any CPU
		{D14C5A0D-C518-4BDD-876C-2558462EE376}.Release|Any CPU.ActiveCfg = Release|Any CPU
		{D14C5A0D-C518-4BDD-876C-2558462EE376}.Release|Any CPU.Build.0 = Release|Any CPU
		{633F746D-3D46-461F-856A-243A429E73F6}.Debug|Any CPU.ActiveCfg = Debug|Any CPU
		{633F746D-3D46-461F-856A-243A429E73F6}.Debug|Any CPU.Build.0 = Debug|Any CPU
		{633F746D-3D46-461F-856A-243A429E73F6}.Release|Any CPU.ActiveCfg = Release|Any CPU
		{633F746D-3D46-461F-856A-243A429E73F6}.Release|Any CPU.Build.0 = Release|Any CPU
		{29693E96-1AC6-4C54-8EE2-9FB54A65FC3C}.Debug|Any CPU.ActiveCfg = Debug|Any CPU
		{29693E96-1AC6-4C54-8EE2-9FB54A65FC3C}.Debug|Any CPU.Build.0 = Debug|Any CPU
		{29693E96-1AC6-4C54-8EE2-9FB54A65FC3C}.Release|Any CPU.ActiveCfg = Release|Any CPU
		{29693E96-1AC6-4C54-8EE2-9FB54A65FC3C}.Release|Any CPU.Build.0 = Release|Any CPU
		{83F90D86-D4C6-4E82-94C7-74AE7B06165B}.Debug|Any CPU.ActiveCfg = Debug|Any CPU
		{83F90D86-D4C6-4E82-94C7-74AE7B06165B}.Debug|Any CPU.Build.0 = Debug|Any CPU
		{83F90D86-D4C6-4E82-94C7-74AE7B06165B}.Release|Any CPU.ActiveCfg = Release|Any CPU
		{83F90D86-D4C6-4E82-94C7-74AE7B06165B}.Release|Any CPU.Build.0 = Release|Any CPU
		{E4310B9B-A9E9-46B0-B1C4-8E6B9333CA86}.Debug|Any CPU.ActiveCfg = Debug|Any CPU
		{E4310B9B-A9E9-46B0-B1C4-8E6B9333CA86}.Debug|Any CPU.Build.0 = Debug|Any CPU
		{E4310B9B-A9E9-46B0-B1C4-8E6B9333CA86}.Release|Any CPU.ActiveCfg = Release|Any CPU
		{E4310B9B-A9E9-46B0-B1C4-8E6B9333CA86}.Release|Any CPU.Build.0 = Release|Any CPU
		{0BC9F6FB-CD59-45B1-9A0E-B79A306AC0ED}.Debug|Any CPU.ActiveCfg = Debug|Any CPU
		{0BC9F6FB-CD59-45B1-9A0E-B79A306AC0ED}.Debug|Any CPU.Build.0 = Debug|Any CPU
		{0BC9F6FB-CD59-45B1-9A0E-B79A306AC0ED}.Release|Any CPU.ActiveCfg = Release|Any CPU
		{0BC9F6FB-CD59-45B1-9A0E-B79A306AC0ED}.Release|Any CPU.Build.0 = Release|Any CPU
		{7A38D15E-0D0E-41F1-949E-79CCBD61FA89}.Debug|Any CPU.ActiveCfg = Debug|Any CPU
		{7A38D15E-0D0E-41F1-949E-79CCBD61FA89}.Debug|Any CPU.Build.0 = Debug|Any CPU
		{7A38D15E-0D0E-41F1-949E-79CCBD61FA89}.Release|Any CPU.ActiveCfg = Release|Any CPU
		{7A38D15E-0D0E-41F1-949E-79CCBD61FA89}.Release|Any CPU.Build.0 = Release|Any CPU
		{99043E55-96E1-4D1A-B98E-BB49CF4695C5}.Debug|Any CPU.ActiveCfg = Debug|Any CPU
		{99043E55-96E1-4D1A-B98E-BB49CF4695C5}.Debug|Any CPU.Build.0 = Debug|Any CPU
		{99043E55-96E1-4D1A-B98E-BB49CF4695C5}.Release|Any CPU.ActiveCfg = Release|Any CPU
		{99043E55-96E1-4D1A-B98E-BB49CF4695C5}.Release|Any CPU.Build.0 = Release|Any CPU
		{892B803E-D3D6-45C2-B496-D4DDC21E8D22}.Debug|Any CPU.ActiveCfg = Debug|Any CPU
		{892B803E-D3D6-45C2-B496-D4DDC21E8D22}.Debug|Any CPU.Build.0 = Debug|Any CPU
		{892B803E-D3D6-45C2-B496-D4DDC21E8D22}.Release|Any CPU.ActiveCfg = Release|Any CPU
		{892B803E-D3D6-45C2-B496-D4DDC21E8D22}.Release|Any CPU.Build.0 = Release|Any CPU
		{AABFDF9E-CC63-4EEF-B19B-CB7F2355AD4B}.Debug|Any CPU.ActiveCfg = Debug|Any CPU
		{AABFDF9E-CC63-4EEF-B19B-CB7F2355AD4B}.Debug|Any CPU.Build.0 = Debug|Any CPU
		{AABFDF9E-CC63-4EEF-B19B-CB7F2355AD4B}.Release|Any CPU.ActiveCfg = Release|Any CPU
		{AABFDF9E-CC63-4EEF-B19B-CB7F2355AD4B}.Release|Any CPU.Build.0 = Release|Any CPU
		{E936E389-46DF-4C3F-A8E1-06226C4C9EB2}.Debug|Any CPU.ActiveCfg = Debug|Any CPU
		{E936E389-46DF-4C3F-A8E1-06226C4C9EB2}.Debug|Any CPU.Build.0 = Debug|Any CPU
		{E936E389-46DF-4C3F-A8E1-06226C4C9EB2}.Release|Any CPU.ActiveCfg = Release|Any CPU
		{E936E389-46DF-4C3F-A8E1-06226C4C9EB2}.Release|Any CPU.Build.0 = Release|Any CPU
		{193A1170-DE35-4D2A-971D-3AE82BC1B537}.Debug|Any CPU.ActiveCfg = Debug|Any CPU
		{193A1170-DE35-4D2A-971D-3AE82BC1B537}.Debug|Any CPU.Build.0 = Debug|Any CPU
		{193A1170-DE35-4D2A-971D-3AE82BC1B537}.Release|Any CPU.ActiveCfg = Release|Any CPU
		{193A1170-DE35-4D2A-971D-3AE82BC1B537}.Release|Any CPU.Build.0 = Release|Any CPU
		{776637D5-C3F4-40E2-B4EE-F245AD10A93B}.Debug|Any CPU.ActiveCfg = Debug|Any CPU
		{776637D5-C3F4-40E2-B4EE-F245AD10A93B}.Debug|Any CPU.Build.0 = Debug|Any CPU
		{776637D5-C3F4-40E2-B4EE-F245AD10A93B}.Release|Any CPU.ActiveCfg = Release|Any CPU
		{776637D5-C3F4-40E2-B4EE-F245AD10A93B}.Release|Any CPU.Build.0 = Release|Any CPU
		{FF3AAAD3-87D9-46C6-A9C5-ACD4F3DA5C38}.Debug|Any CPU.ActiveCfg = Debug|Any CPU
		{FF3AAAD3-87D9-46C6-A9C5-ACD4F3DA5C38}.Debug|Any CPU.Build.0 = Debug|Any CPU
		{FF3AAAD3-87D9-46C6-A9C5-ACD4F3DA5C38}.Release|Any CPU.ActiveCfg = Release|Any CPU
		{FF3AAAD3-87D9-46C6-A9C5-ACD4F3DA5C38}.Release|Any CPU.Build.0 = Release|Any CPU
		{45A17BEE-D604-43DD-8D34-096F33E3CEF6}.Debug|Any CPU.ActiveCfg = Debug|Any CPU
		{45A17BEE-D604-43DD-8D34-096F33E3CEF6}.Debug|Any CPU.Build.0 = Debug|Any CPU
		{45A17BEE-D604-43DD-8D34-096F33E3CEF6}.Release|Any CPU.ActiveCfg = Release|Any CPU
		{45A17BEE-D604-43DD-8D34-096F33E3CEF6}.Release|Any CPU.Build.0 = Release|Any CPU
		{23F94816-7E70-45C4-AAA5-481E2C824B7D}.Debug|Any CPU.ActiveCfg = Debug|Any CPU
		{23F94816-7E70-45C4-AAA5-481E2C824B7D}.Debug|Any CPU.Build.0 = Debug|Any CPU
		{23F94816-7E70-45C4-AAA5-481E2C824B7D}.Release|Any CPU.ActiveCfg = Release|Any CPU
		{23F94816-7E70-45C4-AAA5-481E2C824B7D}.Release|Any CPU.Build.0 = Release|Any CPU
		{C5669570-B9BE-48E1-AD0A-4ABF5173789C}.Debug|Any CPU.ActiveCfg = Debug|Any CPU
		{C5669570-B9BE-48E1-AD0A-4ABF5173789C}.Debug|Any CPU.Build.0 = Debug|Any CPU
		{C5669570-B9BE-48E1-AD0A-4ABF5173789C}.Release|Any CPU.ActiveCfg = Release|Any CPU
		{C5669570-B9BE-48E1-AD0A-4ABF5173789C}.Release|Any CPU.Build.0 = Release|Any CPU
		{5B28D28C-2E1E-44FD-ADFB-D13C969710AC}.Debug|Any CPU.ActiveCfg = Debug|Any CPU
		{5B28D28C-2E1E-44FD-ADFB-D13C969710AC}.Debug|Any CPU.Build.0 = Debug|Any CPU
		{5B28D28C-2E1E-44FD-ADFB-D13C969710AC}.Release|Any CPU.ActiveCfg = Release|Any CPU
		{5B28D28C-2E1E-44FD-ADFB-D13C969710AC}.Release|Any CPU.Build.0 = Release|Any CPU
	EndGlobalSection
	GlobalSection(NestedProjects) = preSolution
		{18FD6D08-E272-4BBF-A17E-7EAD97E72AB4} = {1DC56E80-2A83-48B3-A7D8-E573D83D3B91}
		{14AFFA3F-0A6F-4760-AC9E-B40D1FF1C216} = {CC713E62-F02D-4BDC-AAD9-EAD9171DA109}
		{4A1AF07E-582C-43B0-A985-D5F1458E7B47} = {14AFFA3F-0A6F-4760-AC9E-B40D1FF1C216}
		{2AAD47B9-A16E-43F8-B75F-CF9B54AD38A3} = {14AFFA3F-0A6F-4760-AC9E-B40D1FF1C216}
		{D9C9BF01-87BA-4AC2-B0A6-55DB2473723C} = {14AFFA3F-0A6F-4760-AC9E-B40D1FF1C216}
		{E4CD3E60-CB03-4938-9F05-1F7CB964C3D5} = {14AFFA3F-0A6F-4760-AC9E-B40D1FF1C216}
		{713A6816-3B4E-42EC-951E-A6B0A8CA87B3} = {14AFFA3F-0A6F-4760-AC9E-B40D1FF1C216}
		{63AD1C43-5160-4365-9C17-0371B457E90A} = {CC713E62-F02D-4BDC-AAD9-EAD9171DA109}
		{A8821353-59BA-4C53-90EB-C04FCD044EA2} = {63AD1C43-5160-4365-9C17-0371B457E90A}
		{D14C5A0D-C518-4BDD-876C-2558462EE376} = {63AD1C43-5160-4365-9C17-0371B457E90A}
		{633F746D-3D46-461F-856A-243A429E73F6} = {63AD1C43-5160-4365-9C17-0371B457E90A}
		{29693E96-1AC6-4C54-8EE2-9FB54A65FC3C} = {63AD1C43-5160-4365-9C17-0371B457E90A}
		{83F90D86-D4C6-4E82-94C7-74AE7B06165B} = {63AD1C43-5160-4365-9C17-0371B457E90A}
		{E4310B9B-A9E9-46B0-B1C4-8E6B9333CA86} = {CC713E62-F02D-4BDC-AAD9-EAD9171DA109}
		{1742B4E8-CC50-449F-A54A-F74F1E2111D8} = {CC713E62-F02D-4BDC-AAD9-EAD9171DA109}
		{0BC9F6FB-CD59-45B1-9A0E-B79A306AC0ED} = {1742B4E8-CC50-449F-A54A-F74F1E2111D8}
		{7A38D15E-0D0E-41F1-949E-79CCBD61FA89} = {1742B4E8-CC50-449F-A54A-F74F1E2111D8}
		{99043E55-96E1-4D1A-B98E-BB49CF4695C5} = {1742B4E8-CC50-449F-A54A-F74F1E2111D8}
		{7F55D5E1-3741-4382-BFFA-E6B3949E470F} = {CC713E62-F02D-4BDC-AAD9-EAD9171DA109}
		{892B803E-D3D6-45C2-B496-D4DDC21E8D22} = {7F55D5E1-3741-4382-BFFA-E6B3949E470F}
		{AABFDF9E-CC63-4EEF-B19B-CB7F2355AD4B} = {7F55D5E1-3741-4382-BFFA-E6B3949E470F}
		{E936E389-46DF-4C3F-A8E1-06226C4C9EB2} = {7F55D5E1-3741-4382-BFFA-E6B3949E470F}
		{193A1170-DE35-4D2A-971D-3AE82BC1B537} = {7F55D5E1-3741-4382-BFFA-E6B3949E470F}
		{776637D5-C3F4-40E2-B4EE-F245AD10A93B} = {7F55D5E1-3741-4382-BFFA-E6B3949E470F}
		{B0D9573C-BDB5-4113-9A4F-536A1D1657D9} = {CC713E62-F02D-4BDC-AAD9-EAD9171DA109}
		{FF3AAAD3-87D9-46C6-A9C5-ACD4F3DA5C38} = {B0D9573C-BDB5-4113-9A4F-536A1D1657D9}
		{45A17BEE-D604-43DD-8D34-096F33E3CEF6} = {B0D9573C-BDB5-4113-9A4F-536A1D1657D9}
		{23F94816-7E70-45C4-AAA5-481E2C824B7D} = {B0D9573C-BDB5-4113-9A4F-536A1D1657D9}
		{C5669570-B9BE-48E1-AD0A-4ABF5173789C} = {B0D9573C-BDB5-4113-9A4F-536A1D1657D9}
		{5B28D28C-2E1E-44FD-ADFB-D13C969710AC} = {B0D9573C-BDB5-4113-9A4F-536A1D1657D9}
	EndGlobalSection
EndGlobal
